# Generated by validate_plan.py. Never hand-edit.
# Its existence is the proof that validation passed.
version: 1
validator_version: "1.2.0"
validator_hash: "5b4207a0d58829de"
plan_hash: "8b9d1b77de4c95ed"
spec_path: "docs/research/v2_substrate_and_reasoning_ownership_research.md"
spec_hash: "473ef56f4ae49c8e"
unit_count: 11
topological_order: ["U-001", "U-002", "U-003", "U-004", "U-005", "U-006", "U-012", "U-007", "U-008", "U-010", "U-011"]
waves:
  "1":
    units: ["U-001"]
  "2":
    units: ["U-002"]
  "3":
    units: ["U-003", "U-004", "U-010", "U-012"]
  "4":
    units: ["U-005"]
  "5":
    units: ["U-006"]
  "6":
    units: ["U-007"]
  "7":
    units: ["U-008"]
  "8":
    units: ["U-011"]
units:
  U-001:
    name: "Block format + frontmatter parser"
    wave: "1"
    depth: "full"
    execution: "sequential"
    owns: ["src/elfmem/memory/blockfile.py", "tests/test_blockfile.py"]
    touches: []
    needs: []
    verified_by: "`uv run ruff check src/elfmem/memory/blockfile.py && uv run mypy src/elfmem/memory/blockfile.py && uv run pytest tests/test_blockfile.py`"
  U-002:
    name: "`elfmem index` rebuild (L1 → L2 derivation)"
    wave: "2"
    depth: "full"
    execution: "sequential"
    owns: ["src/elfmem/memory/index_rebuild.py", ".elfmem/index.db", "tests/test_index_rebuild.py"]
    touches: []
    needs: ["U-001"]
    verified_by: "`uv run ruff check src/elfmem/memory/index_rebuild.py && uv run mypy src/elfmem/memory/index_rebuild.py && uv run pytest tests/test_index_rebuild.py`"
  U-003:
    name: "Mutation API → file operations"
    wave: "3"
    depth: "sketched"
    execution: ""
    owns: ["src/elfmem/api.py", "tests/test_block_mutation.py"]
    touches: []
    needs: ["U-001", "U-002"]
    verified_by: ""
  U-004:
    name: "Migration export (`elfmem export --to-markdown`)"
    wave: "3"
    depth: "sketched"
    execution: ""
    owns: ["src/elfmem/migration/export.py", "tests/test_migration_export.py"]
    touches: []
    needs: ["U-001"]
    verified_by: ""
  U-005:
    name: "Migration Phase 4 — retrieval parity gate"
    wave: "4"
    depth: "named"
    execution: ""
    owns: []
    touches: []
    needs: ["U-002", "U-004"]
    verified_by: ""
  U-006:
    name: "Migration Phase 5–6 — hand-restore roles + flip authority"
    wave: "5"
    depth: "named"
    execution: ""
    owns: []
    touches: []
    needs: ["U-005"]
    verified_by: ""
  U-007:
    name: "Decommission DB-native write paths"
    wave: "6"
    depth: "named"
    execution: ""
    owns: []
    touches: []
    needs: ["U-006", "U-012"]
    verified_by: ""
  U-008:
    name: "Corpus-level review engine (Discover → Judge → Worksheet → Apply)"
    wave: "7"
    depth: "named"
    execution: ""
    owns: ["src/elfmem/config.py"]
    touches: []
    needs: ["U-001", "U-002"]
    verified_by: ""
  U-010:
    name: "`elf-recall` skill"
    wave: "3"
    depth: "named"
    execution: ""
    owns: []
    touches: []
    needs: ["U-001"]
    verified_by: ""
  U-011:
    name: "`elf-review` skill wrapper"
    wave: "8"
    depth: "named"
    execution: ""
    owns: []
    touches: []
    needs: ["U-008"]
    verified_by: ""
  U-012:
    name: "Peer bundle import — append-only log + rebuild-time reconciliation"
    wave: "3"
    depth: "sketched"
    execution: ""
    owns: ["src/elfmem/operations/peer.py", "tests/test_peer_import.py"]
    touches: []
    needs: ["U-001", "U-002"]
    verified_by: ""
coverage:
  unassigned_tests: []
